
Microsoft Visual Studio Solution File, Format Version 12.00
# Visual Studio 15
Project("{FAE04EC0-301F-11D3-BF4B-00C04F79EFBC}") = "BandaMusical", "BandaMusical.csproj", "{23ACAD70-BF52-4AB7-B3F1-33D044C23F8C}"
EndProject
Global
	GlobalSection(SolutionConfigurationPlatforms) = preSolution
		Debug|x86 = Debug|x86
		Release|x86 = Release|x86
	EndGlobalSection
	GlobalSection(ProjectConfigurationPlatforms) = postSolution
		{23ACAD70-BF52-4AB7-B3F1-33D044C23F8C}.Debug|x86.ActiveCfg = Debug|x86
		{23ACAD70-BF52-4AB7-B3F1-33D044C23F8C}.Debug|x86.Build.0 = Debug|x86
		{23ACAD70-BF52-4AB7-B3F1-33D044C23F8C}.Release|x86.ActiveCfg = Release|x86
		{23ACAD70-BF52-4AB7-B3F1-33D044C23F8C}.Release|x86.Build.0 = Release|x86
	EndGlobalSection
EndGlobal
